{
  "lockfile_version": "1",
  "packages": {
    "entr@latest": {
      "last_modified": "2025-02-07T11:26:36Z",
      "resolved": "github:NixOS/nixpkgs/d98abf5cf5914e5e4e9d57205e3af55ca90ffc1d#entr",
      "source": "devbox-search",
      "version": "5.6",
      "systems": {
        "aarch64-darwin": {
          "outputs": [
            {
              "name": "out",
              "path": "/nix/store/jr860m6p79afqmqkjhd8hc9b6g92pg8p-entr-5.6",
              "default": true
            }
          ],
          "store_path": "/nix/store/jr860m6p79afqmqkjhd8hc9b6g92pg8p-entr-5.6"
        },
        "aarch64-linux": {
          "outputs": [
            {
              "name": "out",
              "path": "/nix/store/rwgyi4ybrv8ylywpacxplfcmv9z4ssr8-entr-5.6",
              "default": true
            }
          ],
          "store_path": "/nix/store/rwgyi4ybrv8ylywpacxplfcmv9z4ssr8-entr-5.6"
        },
        "x86_64-darwin": {
          "outputs": [
            {
              "name": "out",
              "path": "/nix/store/lixwkk5729h6a51c4z1xh1i1lk2b0pj9-entr-5.6",
              "default": true
            }
          ],
          "store_path": "/nix/store/lixwkk5729h6a51c4z1xh1i1lk2b0pj9-entr-5.6"
        },
        "x86_64-linux": {
          "outputs": [
            {
              "name": "out",
              "path": "/nix/store/9chrxn40wlz0fga55bkkbz8rw82irdas-entr-5.6",
              "default": true
            }
          ],
          "store_path": "/nix/store/9chrxn40wlz0fga55bkkbz8rw82irdas-entr-5.6"
        }
      }
    },
    "fd@latest": {
      "last_modified": "2025-02-26T05:29:08Z",
      "resolved": "github:NixOS/nixpkgs/3a05eebede89661660945da1f151959900903b6a#fd",
      "source": "devbox-search",
      "version": "10.2.0",
      "systems": {
        "aarch64-darwin": {
          "outputs": [
            {
              "name": "out",
              "path": "/nix/store/wdyzs3l4n5fkmgqf0n8vb3x79rds17q4-fd-10.2.0",
              "default": true
            }
          ],
          "store_path": "/nix/store/wdyzs3l4n5fkmgqf0n8vb3x79rds17q4-fd-10.2.0"
        },
        "aarch64-linux": {
          "outputs": [
            {
              "name": "out",
              "path": "/nix/store/vn3mny38qmf3lm809rpcvahxqwhkqb7m-fd-10.2.0",
              "default": true
            }
          ],
          "store_path": "/nix/store/vn3mny38qmf3lm809rpcvahxqwhkqb7m-fd-10.2.0"
        },
        "x86_64-darwin": {
          "outputs": [
            {
              "name": "out",
              "path": "/nix/store/6kdv4iy9j3svncq0vs47wxfvvn7flcr5-fd-10.2.0",
              "default": true
            }
          ],
          "store_path": "/nix/store/6kdv4iy9j3svncq0vs47wxfvvn7flcr5-fd-10.2.0"
        },
        "x86_64-linux": {
          "outputs": [
            {
              "name": "out",
              "path": "/nix/store/x58pg72qw2xv1vvs4pbqw63zhkdkp331-fd-10.2.0",
              "default": true
            }
          ],
          "store_path": "/nix/store/x58pg72qw2xv1vvs4pbqw63zhkdkp331-fd-10.2.0"
        }
      }
    },
    "github:NixOS/nixpkgs/nixpkgs-unstable": {
      "resolved": "github:NixOS/nixpkgs/2d9e4457f8e83120c9fdf6f1707ed0bc603e5ac9?lastModified=1741462378&narHash=sha256-ZF3YOjq%2BvTcH51S%2BqWa1oGA9FgmdJ67nTNPG2OIlXDc%3D"
    },
    "github:gren-lang/nix/0.5.2": {
      "resolved": "github:gren-lang/nix/7998732cd4878c7b121b4ebb2d9929b0b635f9b9?lastModified=1736597972&narHash=sha256-s40gUeBIqhG1WdcXyNAZsebAVgEOivMhleofe4%2BmbvM%3D"
    },
    "just@latest": {
      "last_modified": "2025-02-20T02:45:56Z",
      "resolved": "github:NixOS/nixpkgs/dad564433178067be1fbdfcce23b546254b6d641#just",
      "source": "devbox-search",
      "version": "1.39.0",
      "systems": {
        "aarch64-darwin": {
          "outputs": [
            {
              "name": "out",
              "path": "/nix/store/i7apaf6fa4aswha9xs45jdil3wn038vq-just-1.39.0",
              "default": true
            },
            {
              "name": "man",
              "path": "/nix/store/27f6bblm28j80c2xbc75j72fl4anbyxm-just-1.39.0-man",
              "default": true
            },
            {
              "name": "doc",
              "path": "/nix/store/13ixl7w80ymwqc3ykd8wgccjqcf12cdm-just-1.39.0-doc"
            }
          ],
          "store_path": "/nix/store/i7apaf6fa4aswha9xs45jdil3wn038vq-just-1.39.0"
        },
        "aarch64-linux": {
          "outputs": [
            {
              "name": "out",
              "path": "/nix/store/j4kprcvca7f41m3rv1134qmbksiqx31n-just-1.39.0",
              "default": true
            },
            {
              "name": "man",
              "path": "/nix/store/6mvjzbbn5nn2nwyf2dxzlkh22x5s3lvh-just-1.39.0-man",
              "default": true
            },
            {
              "name": "doc",
              "path": "/nix/store/rskm7r6g0rri3lv93xrs3vnmm48jf7rf-just-1.39.0-doc"
            }
          ],
          "store_path": "/nix/store/j4kprcvca7f41m3rv1134qmbksiqx31n-just-1.39.0"
        },
        "x86_64-darwin": {
          "outputs": [
            {
              "name": "out",
              "path": "/nix/store/blzi4k9jab89qd502pqd2vl5zihiv510-just-1.39.0",
              "default": true
            },
            {
              "name": "man",
              "path": "/nix/store/bgyg97lsdbzwaad96krwh9z39h8rbn7r-just-1.39.0-man",
              "default": true
            },
            {
              "name": "doc",
              "path": "/nix/store/y739nrn1mmarhxsfq7brf1c9x28s0laq-just-1.39.0-doc"
            }
          ],
          "store_path": "/nix/store/blzi4k9jab89qd502pqd2vl5zihiv510-just-1.39.0"
        },
        "x86_64-linux": {
          "outputs": [
            {
              "name": "out",
              "path": "/nix/store/dp2kp0z4x2z07ms051ngf3pidwb7gzy7-just-1.39.0",
              "default": true
            },
            {
              "name": "man",
              "path": "/nix/store/raasy0ls098ahzvasirqbym9kqk2qghj-just-1.39.0-man",
              "default": true
            },
            {
              "name": "doc",
              "path": "/nix/store/rciv116xhgapwcas08r2y5jbcck5h1nz-just-1.39.0-doc"
            }
          ],
          "store_path": "/nix/store/dp2kp0z4x2z07ms051ngf3pidwb7gzy7-just-1.39.0"
        }
      }
    },
    "nodejs@20": {
      "last_modified": "2025-02-12T00:10:52Z",
      "plugin_version": "0.0.2",
      "resolved": "github:NixOS/nixpkgs/83a2581c81ff5b06f7c1a4e7cc736a455dfcf7b4#nodejs_20",
      "source": "devbox-search",
      "version": "20.18.3",
      "systems": {
        "aarch64-darwin": {
          "outputs": [
            {
              "name": "out",
              "path": "/nix/store/pba611q472k53hjk8kai3mqg5nqa0q4v-nodejs-20.18.3",
              "default": true
            },
            {
              "name": "libv8",
              "path": "/nix/store/giz92jzgk5j5x4rr87qfhh7h23vxw02s-nodejs-20.18.3-libv8"
            }
          ],
          "store_path": "/nix/store/pba611q472k53hjk8kai3mqg5nqa0q4v-nodejs-20.18.3"
        },
        "aarch64-linux": {
          "outputs": [
            {
              "name": "out",
              "path": "/nix/store/958yayymdnm342x6vldlfbjah51dy0d4-nodejs-20.18.3",
              "default": true
            },
            {
              "name": "libv8",
              "path": "/nix/store/wxl92b7ld4dfhskvmgvf9r7q9h86q2s6-nodejs-20.18.3-libv8"
            }
          ],
          "store_path": "/nix/store/958yayymdnm342x6vldlfbjah51dy0d4-nodejs-20.18.3"
        },
        "x86_64-darwin": {
          "outputs": [
            {
              "name": "out",
              "path": "/nix/store/3wrrj4ddsc8mrim3xnqwws8w2b3an4jv-nodejs-20.18.3",
              "default": true
            },
            {
              "name": "libv8",
              "path": "/nix/store/bw62bzsr6rgrygpk5g4vjpbbqwffn8sg-nodejs-20.18.3-libv8"
            }
          ],
          "store_path": "/nix/store/3wrrj4ddsc8mrim3xnqwws8w2b3an4jv-nodejs-20.18.3"
        },
        "x86_64-linux": {
          "outputs": [
            {
              "name": "out",
              "path": "/nix/store/1bmfcixbhs5fxv2zzyc45grx3xgc90j9-nodejs-20.18.3",
              "default": true
            },
            {
              "name": "libv8",
              "path": "/nix/store/03gwhdryzihhv729133pfmri9qjhnbr5-nodejs-20.18.3-libv8"
            }
          ],
          "store_path": "/nix/store/1bmfcixbhs5fxv2zzyc45grx3xgc90j9-nodejs-20.18.3"
        }
      }
    }
  }
}
